{
    "_meta": {
        "hash": {
            "sha256": "43eee1e682ab5302cb8567d37860da26e34bbe628e9baf1a0b1d6f581340874c"
        },
        "pipfile-spec": 6,
        "requires": {
            "python_version": "3.7"
        },
        "sources": [
            {
                "name": "pypi",
                "url": "https://pypi.org/simple",
                "verify_ssl": true
            }
        ]
    },
    "default": {
        "dill": {
            "hashes": [
                "sha256:42d8ef819367516592a825746a18073ced42ca169ab1f5f4044134703e7a049c"
            ],
            "version": "==0.3.1.1"
        },
        "multiprocess": {
            "hashes": [
                "sha256:0e4e65c2e74aa14fa0c9a1f838b5e9a5f8fe5b3a173925792260843c4a6157ec",
                "sha256:1eb7dfe2d809d53be92e8a288ed1c01614fe5407bbc9d078ed451a749fb1bd34",
                "sha256:9fd5bd990132da77e73dec6e9613408602a4612e1d73caf2e2b813d2b61508e5"
            ],
            "version": "==0.70.9"
        },
        "numpy": {
            "hashes": [
                "sha256:1786a08236f2c92ae0e70423c45e1e62788ed33028f94ca99c4df03f5be6b3c6",
                "sha256:17aa7a81fe7599a10f2b7d95856dc5cf84a4eefa45bc96123cbbc3ebc568994e",
                "sha256:20b26aaa5b3da029942cdcce719b363dbe58696ad182aff0e5dcb1687ec946dc",
                "sha256:2d75908ab3ced4223ccba595b48e538afa5ecc37405923d1fea6906d7c3a50bc",
                "sha256:39d2c685af15d3ce682c99ce5925cc66efc824652e10990d2462dfe9b8918c6a",
                "sha256:56bc8ded6fcd9adea90f65377438f9fea8c05fcf7c5ba766bef258d0da1554aa",
                "sha256:590355aeade1a2eaba17617c19edccb7db8d78760175256e3cf94590a1a964f3",
                "sha256:70a840a26f4e61defa7bdf811d7498a284ced303dfbc35acb7be12a39b2aa121",
                "sha256:77c3bfe65d8560487052ad55c6998a04b654c2fbc36d546aef2b2e511e760971",
                "sha256:9537eecf179f566fd1c160a2e912ca0b8e02d773af0a7a1120ad4f7507cd0d26",
                "sha256:9acdf933c1fd263c513a2df3dceecea6f3ff4419d80bf238510976bf9bcb26cd",
                "sha256:ae0975f42ab1f28364dcda3dde3cf6c1ddab3e1d4b2909da0cb0191fa9ca0480",
                "sha256:b3af02ecc999c8003e538e60c89a2b37646b39b688d4e44d7373e11c2debabec",
                "sha256:b6ff59cee96b454516e47e7721098e6ceebef435e3e21ac2d6c3b8b02628eb77",
                "sha256:b765ed3930b92812aa698a455847141869ef755a87e099fddd4ccf9d81fffb57",
                "sha256:c98c5ffd7d41611407a1103ae11c8b634ad6a43606eca3e2a5a269e5d6e8eb07",
                "sha256:cf7eb6b1025d3e169989416b1adcd676624c2dbed9e3bcb7137f51bfc8cc2572",
                "sha256:d92350c22b150c1cae7ebb0ee8b5670cc84848f6359cf6b5d8f86617098a9b73",
                "sha256:e422c3152921cece8b6a2fb6b0b4d73b6579bd20ae075e7d15143e711f3ca2ca",
                "sha256:e840f552a509e3380b0f0ec977e8124d0dc34dc0e68289ca28f4d7c1d0d79474",
                "sha256:f3d0a94ad151870978fb93538e95411c83899c9dc63e6fb65542f769568ecfa5"
            ],
            "version": "==1.18.1"
        },
        "opencv-contrib-python": {
            "hashes": [
                "sha256:0297312747faa98b2a0654cfc9a78392ba36c67c7b60ab2b152fcc5ac01f831b",
                "sha256:069fc51ffed441303020bad92b61b13c128241fa8786923c9cfb848b2f67a5e0",
                "sha256:12f9240520b734c15623cd35c9efbde6cffa77188f4870e700a35a81f588af06",
                "sha256:263a47619bff83661aad01eb84bcc534562815b8d67be12d09e9b336071b7dbf",
                "sha256:3198fb276962c61eab1f105307a7e24da846dd99c1933f042cfcac710bc7cfb2",
                "sha256:35e8d8105ffa547c826a23ca4508b5d3df970a88547c2249412022a82f70ff38",
                "sha256:3eefaea717887c1cb2479e4fdf7e311516547bd046ba4a38b9af88698a8bc2a6",
                "sha256:45e309faf3a506d46a140b6f3ac3ccd39577ed88e761d9092c52222b764a50b7",
                "sha256:564eec2471439ef7e5835a5c7ec4e379575cd2f115a3f4c67d8ae8078a47a7fd",
                "sha256:59a80f0bbaee09dad0ff9800b22bcee9f9432a645e25be49922782ceb4500bfd",
                "sha256:605c400d7bd0d7f36fe781a1f9ae9ff253d3a3d6159300ad0f7d563a6608b72b",
                "sha256:6067597a8214eaa3d1197aac3eeee9bae506ab7dc0e8a32ee9bf89c9ace9baa0",
                "sha256:7d02143db8d63d0532783b6f676887dd49ddb29c78044060b9edb07308a456ba",
                "sha256:890686dcde29609023961243533c23b2e4d9d0d1cf9b4d26ccb5f6051219dc52",
                "sha256:915e2e04ba6787fa6254427cef5c39d2b2267f47e8f5035d8be3bff7ead85a14",
                "sha256:91b29762634f20e3bafe7bc2c9361aeb48efb8bf8bf33f47d5985fea9fcad0cf",
                "sha256:9348407ea84650985b2adfb2deafb877a930132e74cfd5103b50c1fbd778f8ad",
                "sha256:94f65972445ea02bc69632b0f6ab7ac27b6db5298d02d36ffa79fe9f9170cfe6",
                "sha256:95659d03ff63d653b38ea60f5bd704c55ac99eb8ccb7109bda8d5e5c8c90e368",
                "sha256:abaf26a69a33460497f3091fc7dba4aa22ac9375ca3f14c4369249e060e6ba37",
                "sha256:bdfd6dbc14e1ca65aa87d9bdf63966c0880d2778f2d6ae92a7351d2a17ad510d",
                "sha256:c502da0b2b033f7574888b95037bb4b4a534ab44e3eb7e7d0543053a69c2d9ce",
                "sha256:d603ceaccc32c62a07bc364416a09b786bb083c1c8aab72e03a335094aa21b20",
                "sha256:f24040c6e39052713c38b3d16c325254b3f31800050ba52227af1db601555353",
                "sha256:f6956a63264fe418eb7ddc57fd445a4971d0a6b541b30deacaa8f5a8b8ed93ac",
                "sha256:f8e13df213a0c21c179fbe6dbe63e4865e2ac22665bd8546f2a92885e98d1137",
                "sha256:fcf4e127329fc13e5f791f86d3ec425a3d2bf1133172d7fcb541d5029a467c90"
            ],
            "index": "pypi",
            "version": "==4.2.0.32"
        },
        "opencv-python": {
            "hashes": [
                "sha256:0f2e739c582e8c5e432130648bc6d66a56bc65f4cd9ff0bc7033033d2130c7a3",
                "sha256:0f3d159ad6cb9cbd188c726f87485f0799a067a0a15f34c25d7b5c8db3cb2e50",
                "sha256:167a6aff9bd124a3a67e0ec25d0da5ecdc8d96a56405e3e5e7d586c4105eb1bb",
                "sha256:1b90d50bc7a31e9573a8da1b80fcd1e4d9c86c0e5f76387858e1b87eb8b0332b",
                "sha256:2baf1213ae2fd678991f905d7b2b94eddfdfb5f75757db0f0b31eebd48ca200d",
                "sha256:312dda54c7e809c20d7409418060ae0e9cdbe82975e7ced429eb3c234ffc0d4a",
                "sha256:32384e675f7cefe707cac40a95eeb142d6869065e39c5500374116297cd8ca6d",
                "sha256:5c50634dd8f2f866fd99fd939292ce10e52bef82804ebc4e7f915221c3b7e951",
                "sha256:6841bb9cc24751dbdf94e7eefc4e6d70ec297952501954471299fd12ab67391c",
                "sha256:68c1c846dd267cd7e293d3fc0bb238db0a744aa1f2e721e327598f00cb982098",
                "sha256:703910aaa1dcd25a412f78a190fb7a352d9a64ee7d9a35566d786f3cc66ebf20",
                "sha256:8002959146ed21959e3118c60c8e94ceac02eea15b691da6c62cff4787c63f7f",
                "sha256:889eef049d38488b5b4646c48a831feed37c0fd44f3d83c05cff80f4baded145",
                "sha256:8c76983c9ec3e4cf3a4c1d172ec4285332d9fb1c7194d724aff0c518437471ee",
                "sha256:9cd9bd72f4a9743ef6f11f0f96784bd215a542e996db1717d4c2d3d03eb81a1b",
                "sha256:a1a5517301dc8d56243a14253d231ec755b94486b4fff2ae68269bc941bb1f2e",
                "sha256:a2b08aec2eacae868723136383d9eb84a33062a7a7ec5ec3bd2c423bd1355946",
                "sha256:a8529a79233f3581a66984acd16bce52ab0163f6f77568dd69e9ee4956d2e1db",
                "sha256:afbc81a3870739610a9f9a1197374d6a45892cf1933c90fc5617d39790991ed3",
                "sha256:baeb5dd8b21c718580687f5b4efd03f8139b1c56239cdf6b9805c6946e80f268",
                "sha256:db1d49b753e6e6c76585f21d09c7e9812176732baa9bddb64bc2fc6cd24d4179",
                "sha256:e242ed419aeb2488e0f9ee6410a34917f0f8d62b3ae96aa3170d83bae75004e2",
                "sha256:e36a8857be2c849e54009f1bee25e8c34fbc683fcd38c6c700af4cba5f8d57c2",
                "sha256:e699232fd033ef0053efec2cba0a7505514f374ba7b18c732a77cb5304311ef9",
                "sha256:eae3da9231d87980f8082d181c276a04f7a6fdac130cebd467390b96dd05f944",
                "sha256:ee6814c94dbf1cae569302afef9dd29efafc52373e8770ded0db549a3b6e0c00",
                "sha256:f01a87a015227d8af407161eb48222fc3c8b01661cdc841e2b86eee4f1a7a417"
            ],
            "index": "pypi",
            "version": "==4.2.0.32"
        },
        "parse": {
            "hashes": [
                "sha256:95a4f4469e37c57b5e924629ac99926f28bee7da59515dc5b8078c4c3e779249"
            ],
            "index": "pypi",
            "version": "==1.14.0"
        },
        "pathos": {
            "hashes": [
                "sha256:21ae2cb1d5a76dcf57d5fe93ae8719c7339f467e246163650c08ccf35b87c846"
            ],
            "index": "pypi",
            "version": "==0.2.5"
        },
        "pox": {
            "hashes": [
                "sha256:06afe1a4a1dbf8b47f7ad5a3c1d8ada9104c64933a1da11338269a2bd8642778"
            ],
            "version": "==0.2.7"
        },
        "ppft": {
            "hashes": [
                "sha256:9e2173042edd5cc9c7bee0d7731873f17fcdce0e42e4b7ab68857d0de7b631fc"
            ],
            "version": "==1.6.6.1"
        },
        "scikit-fmm": {
            "hashes": [
                "sha256:2f07f9e444383d438fe4f7817740f21968a430c8cb04272c486837c8d19be9af",
                "sha256:49ad88b361b1a5103d2ba042a36fbb3810511cad4489848cec45432032128c41",
                "sha256:73d689a2c135946cdc5d79ceb3f0f4e89acdc405b131ec2be399e245057eb9a2",
                "sha256:eb64b6d8e30b8df8f8636d5fc4fd7ca6a9b05938ccd62518c80c1d9e823069dd",
                "sha256:ec9ffeb565ac3bdb890ffe82e12e4354dc3fbe949c4336276f9b75d64282e77a"
            ],
            "index": "pypi",
            "version": "==2019.1.30"
        },
        "six": {
            "hashes": [
                "sha256:236bdbdce46e6e6a3d61a337c0f8b763ca1e8717c03b369e87a7ec7ce1319c0a",
                "sha256:8f3cd2e254d8f793e7f3d6d9df77b92252b52637291d0f0da013c76ea2724b6c"
            ],
            "version": "==1.14.0"
        }
    },
    "develop": {}
}
